// !$*UTF8*$!
{
	archiveVersion = 1;
	classes = {
	};
	objectVersion = 77;
	objects = {

/* Begin PBXBuildFile section */
		77A0CA100000000000000001 /* ComposableArchitecture in Frameworks */ = {isa = PBXBuildFile; productRef = 77A0CA200000000000000001 /* ComposableArchitecture */; };
		77A0CA100000000000000003 /* PhotonicAPI in Frameworks */ = {isa = PBXBuildFile; productRef = 77A0CA200000000000000003 /* PhotonicAPI */; };
		77A0CA100000000000000004 /* PhotonicCore in Frameworks */ = {isa = PBXBuildFile; productRef = 77A0CA200000000000000004 /* PhotonicCore */; };
		77A0CA100000000000000005 /* Dependencies in Frameworks */ = {isa = PBXBuildFile; productRef = 77A0CA200000000000000005 /* Dependencies */; };
/* End PBXBuildFile section */

/* Begin PBXContainerItemProxy section */
		77C1083C2B76D79D004B490E /* PBXContainerItemProxy */ = {
			isa = PBXContainerItemProxy;
			containerPortal = 77C108222B76D79B004B490E /* Project object */;
			proxyType = 1;
			remoteGlobalIDString = 77C108292B76D79B004B490E;
			remoteInfo = Photonic;
		};
		77C108462B76D79D004B490E /* PBXContainerItemProxy */ = {
			isa = PBXContainerItemProxy;
			containerPortal = 77C108222B76D79B004B490E /* Project object */;
			proxyType = 1;
			remoteGlobalIDString = 77C108292B76D79B004B490E;
			remoteInfo = Photonic;
		};
/* End PBXContainerItemProxy section */

/* Begin PBXFileReference section */
		77C1082A2B76D79B004B490E /* Photonic.app */ = {isa = PBXFileReference; explicitFileType = wrapper.application; includeInIndex = 0; path = Photonic.app; sourceTree = BUILT_PRODUCTS_DIR; };
		77C1083B2B76D79D004B490E /* PhotonicTests.xctest */ = {isa = PBXFileReference; explicitFileType = wrapper.cfbundle; includeInIndex = 0; path = PhotonicTests.xctest; sourceTree = BUILT_PRODUCTS_DIR; };
		77C108452B76D79D004B490E /* PhotonicUITests.xctest */ = {isa = PBXFileReference; explicitFileType = wrapper.cfbundle; includeInIndex = 0; path = PhotonicUITests.xctest; sourceTree = BUILT_PRODUCTS_DIR; };
/* End PBXFileReference section */

/* Begin PBXFileSystemSynchronizedBuildFileExceptionSet section */
		77A0CA400000000000000001 /* Exceptions for "Photonic" folder in "Photonic" target */ = {
			isa = PBXFileSystemSynchronizedBuildFileExceptionSet;
			membershipExceptions = (
				Info.plist,
			);
			target = 77C108292B76D79B004B490E /* Photonic */;
		};
/* End PBXFileSystemSynchronizedBuildFileExceptionSet section */

/* Begin PBXFileSystemSynchronizedRootGroup section */
		77C1082C2B76D79B004B490E /* Photonic */ = {
			isa = PBXFileSystemSynchronizedRootGroup;
			exceptions = (
				77A0CA400000000000000001 /* Exceptions for "Photonic" folder in "Photonic" target */,
			);
			path = Photonic;
			sourceTree = "<group>";
		};
		77C1083E2B76D79D004B490E /* PhotonicTests */ = {
			isa = PBXFileSystemSynchronizedRootGroup;
			path = PhotonicTests;
			sourceTree = "<group>";
		};
		77C108482B76D79D004B490E /* PhotonicUITests */ = {
			isa = PBXFileSystemSynchronizedRootGroup;
			path = PhotonicUITests;
			sourceTree = "<group>";
		};
/* End PBXFileSystemSynchronizedRootGroup section */

/* Begin PBXFrameworksBuildPhase section */
		77C108272B76D79B004B490E /* Frameworks */ = {
			isa = PBXFrameworksBuildPhase;
			buildActionMask = 2147483647;
			files = (
				77A0CA100000000000000001 /* ComposableArchitecture in Frameworks */,
				77A0CA100000000000000003 /* PhotonicAPI in Frameworks */,
				77A0CA100000000000000004 /* PhotonicCore in Frameworks */,
				77A0CA100000000000000005 /* Dependencies in Frameworks */,
			);
			runOnlyForDeploymentPostprocessing = 0;
		};
		77C108422B76D79D004B490E /* Frameworks */ = {
			isa = PBXFrameworksBuildPhase;
			buildActionMask = 2147483647;
			files = (
			);
			runOnlyForDeploymentPostprocessing = 0;
		};
/* End PBXFrameworksBuildPhase section */

/* Begin PBXGroup section */
		77C108212B76D79B004B490E = {
			isa = PBXGroup;
			children = (
				77C1082C2B76D79B004B490E /* Photonic */,
				77C1083E2B76D79D004B490E /* PhotonicTests */,
				77C108482B76D79D004B490E /* PhotonicUITests */,
				77C1082B2B76D79B004B490E /* Products */,
			);
			sourceTree = "<group>";
		};
		77C1082B2B76D79B004B490E /* Products */ = {
			isa = PBXGroup;
			children = (
				77C1082A2B76D79B004B490E /* Photonic.app */,
				77C1083B2B76D79D004B490E /* PhotonicTests.xctest */,
				77C108452B76D79D004B490E /* PhotonicUITests.xctest */,
			);
			name = Products;
			sourceTree = "<group>";
		};
/* End PBXGroup section */

/* Begin PBXNativeTarget section */
		77C108292B76D79B004B490E /* Photonic */ = {
			isa = PBXNativeTarget;
			buildConfigurationList = 77C1084F2B76D79D004B490E /* Build configuration list for PBXNativeTarget "Photonic" */;
			buildPhases = (
				77C108262B76D79B004B490E /* Sources */,
				77C108272B76D79B004B490E /* Frameworks */,
				77C108282B76D79B004B490E /* Resources */,
			);
			buildRules = (
			);
			dependencies = (
			);
			fileSystemSynchronizedGroups = (
				77C1082C2B76D79B004B490E /* Photonic */,
			);
			name = Photonic;
			packageProductDependencies = (
				77A0CA200000000000000001 /* ComposableArchitecture */,
				77A0CA200000000000000003 /* PhotonicAPI */,
				77A0CA200000000000000004 /* PhotonicCore */,
				77A0CA200000000000000005 /* Dependencies */,
			);
			productName = Photonic;
			productReference = 77C1082A2B76D79B004B490E /* Photonic.app */;
			productType = "com.apple.product-type.application";
		};
		77C1083A2B76D79D004B490E /* PhotonicTests */ = {
			isa = PBXNativeTarget;
			buildConfigurationList = 77C108522B76D79D004B490E /* Build configuration list for PBXNativeTarget "PhotonicTests" */;
			buildPhases = (
				77C108372B76D79B004B490E /* Sources */,
				77C108392B76D79D004B490E /* Resources */,
			);
			buildRules = (
			);
			dependencies = (
				77C1083D2B76D79D004B490E /* PBXTargetDependency */,
			);
			fileSystemSynchronizedGroups = (
				77C1083E2B76D79D004B490E /* PhotonicTests */,
			);
			name = PhotonicTests;
			packageProductDependencies = (
				77A0CA200000000000000002 /* ComposableArchitecture */,
			);
			productName = PhotonicTests;
			productReference = 77C1083B2B76D79D004B490E /* PhotonicTests.xctest */;
			productType = "com.apple.product-type.bundle.unit-test";
		};
		77C108442B76D79D004B490E /* PhotonicUITests */ = {
			isa = PBXNativeTarget;
			buildConfigurationList = 77C108552B76D79D004B490E /* Build configuration list for PBXNativeTarget "PhotonicUITests" */;
			buildPhases = (
				77C108412B76D79D004B490E /* Sources */,
				77C108422B76D79D004B490E /* Frameworks */,
				77C108432B76D79D004B490E /* Resources */,
			);
			buildRules = (
			);
			dependencies = (
				77C108472B76D79D004B490E /* PBXTargetDependency */,
			);
			fileSystemSynchronizedGroups = (
				77C108482B76D79D004B490E /* PhotonicUITests */,
			);
			name = PhotonicUITests;
			productName = PhotonicUITests;
			productReference = 77C108452B76D79D004B490E /* PhotonicUITests.xctest */;
			productType = "com.apple.product-type.bundle.ui-testing";
		};
/* End PBXNativeTarget section */

/* Begin PBXProject section */
		77C108222B76D79B004B490E /* Project object */ = {
			isa = PBXProject;
			attributes = {
				BuildIndependentTargetsInParallel = 1;
				LastSwiftUpdateCheck = 1520;
				LastUpgradeCheck = 1620;
				TargetAttributes = {
					77C108292B76D79B004B490E = {
						CreatedOnToolsVersion = 15.2;
					};
					77C1083A2B76D79D004B490E = {
						CreatedOnToolsVersion = 15.2;
						TestTargetID = 77C108292B76D79B004B490E;
					};
					77C108442B76D79D004B490E = {
						CreatedOnToolsVersion = 15.2;
						TestTargetID = 77C108292B76D79B004B490E;
					};
				};
			};
			buildConfigurationList = 77C108252B76D79B004B490E /* Build configuration list for PBXProject "Photonic" */;
			developmentRegion = en;
			hasScannedForEncodings = 0;
			knownRegions = (
				en,
				Base,
			);
			mainGroup = 77C108212B76D79B004B490E;
			minimizedProjectReferenceProxies = 1;
			packageReferences = (
				77A0CA300000000000000001 /* XCRemoteSwiftPackageReference "swift-composable-architecture" */,
				77A0CA300000000000000002 /* XCLocalSwiftPackageReference "Packages/PhotonicAPI" */,
				77A0CA300000000000000003 /* XCLocalSwiftPackageReference "Packages/PhotonicCore" */,
				77A0CA300000000000000004 /* XCRemoteSwiftPackageReference "swift-dependencies" */,
			);
			preferredProjectObjectVersion = 77;
			productRefGroup = 77C1082B2B76D79B004B490E /* Products */;
			projectDirPath = "";
			projectRoot = "";
			targets = (
				77C108292B76D79B004B490E /* Photonic */,
				77C1083A2B76D79D004B490E /* PhotonicTests */,
				77C108442B76D79D004B490E /* PhotonicUITests */,
			);
		};
/* End PBXProject section */

/* Begin PBXResourcesBuildPhase section */
		77C108282B76D79B004B490E /* Resources */ = {
			isa = PBXResourcesBuildPhase;
			buildActionMask = 2147483647;
			files = (
			);
			runOnlyForDeploymentPostprocessing = 0;
		};
		77C108392B76D79D004B490E /* Resources */ = {
			isa = PBXResourcesBuildPhase;
			buildActionMask = 2147483647;
			files = (
			);
			runOnlyForDeploymentPostprocessing = 0;
		};
		77C108432B76D79D004B490E /* Resources */ = {
			isa = PBXResourcesBuildPhase;
			buildActionMask = 2147483647;
			files = (
			);
			runOnlyForDeploymentPostprocessing = 0;
		};
/* End PBXResourcesBuildPhase section */

/* Begin PBXSourcesBuildPhase section */
		77C108262B76D79B004B490E /* Sources */ = {
			isa = PBXSourcesBuildPhase;
			buildActionMask = 2147483647;
			files = (
			);
			runOnlyForDeploymentPostprocessing = 0;
		};
		77C108372B76D79B004B490E /* Sources */ = {
			isa = PBXSourcesBuildPhase;
			buildActionMask = 2147483647;
			files = (
			);
			runOnlyForDeploymentPostprocessing = 0;
		};
		77C108412B76D79D004B490E /* Sources */ = {
			isa = PBXSourcesBuildPhase;
			buildActionMask = 2147483647;
			files = (
			);
			runOnlyForDeploymentPostprocessing = 0;
		};
/* End PBXSourcesBuildPhase section */

/* Begin PBXTargetDependency section */
		77C1083D2B76D79D004B490E /* PBXTargetDependency */ = {
			isa = PBXTargetDependency;
			target = 77C108292B76D79B004B490E /* Photonic */;
			targetProxy = 77C1083C2B76D79D004B490E /* PBXContainerItemProxy */;
		};
		77C108472B76D79D004B490E /* PBXTargetDependency */ = {
			isa = PBXTargetDependency;
			target = 77C108292B76D79B004B490E /* Photonic */;
			targetProxy = 77C108462B76D79D004B490E /* PBXContainerItemProxy */;
		};
/* End PBXTargetDependency section */

/* Begin XCBuildConfiguration section */
		77C1084D2B76D79D004B490E /* Debug */ = {
			isa = XCBuildConfiguration;
			buildSettings = {
				ALWAYS_SEARCH_USER_PATHS = NO;
				ASSETCATALOG_COMPILER_GENERATE_SWIFT_ASSET_SYMBOL_EXTENSIONS = YES;
				CLANG_ANALYZER_NONNULL = YES;
				CLANG_ANALYZER_NUMBER_OBJECT_CONVERSION = YES_AGGRESSIVE;
				CLANG_CXX_LANGUAGE_STANDARD = "gnu++20";
				CLANG_ENABLE_MODULES = YES;
				CLANG_ENABLE_OBJC_ARC = YES;
				CLANG_ENABLE_OBJC_WEAK = YES;
				CLANG_WARN_BLOCK_CAPTURE_AUTORELEASING = YES;
				CLANG_WARN_BOOL_CONVERSION = YES;
				CLANG_WARN_COMMA = YES;
				CLANG_WARN_CONSTANT_CONVERSION = YES;
				CLANG_WARN_DEPRECATED_OBJC_IMPLEMENTATIONS = YES;
				CLANG_WARN_DIRECT_OBJC_ISA_USAGE = YES_ERROR;
				CLANG_WARN_DOCUMENTATION_COMMENTS = YES;
				CLANG_WARN_EMPTY_BODY = YES;
				CLANG_WARN_ENUM_CONVERSION = YES;
				CLANG_WARN_INFINITE_RECURSION = YES;
				CLANG_WARN_INT_CONVERSION = YES;
				CLANG_WARN_NON_LITERAL_NULL_CONVERSION = YES;
				CLANG_WARN_OBJC_IMPLICIT_RETAIN_SELF = YES;
				CLANG_WARN_OBJC_LITERAL_CONVERSION = YES;
				CLANG_WARN_OBJC_ROOT_CLASS = YES_ERROR;
				CLANG_WARN_QUOTED_INCLUDE_IN_FRAMEWORK_HEADER = YES;
				CLANG_WARN_RANGE_LOOP_ANALYSIS = YES;
				CLANG_WARN_STRICT_PROTOTYPES = YES;
				CLANG_WARN_SUSPICIOUS_MOVE = YES;
				CLANG_WARN_UNGUARDED_AVAILABILITY = YES_AGGRESSIVE;
				CLANG_WARN_UNREACHABLE_CODE = YES;
				CLANG_WARN__DUPLICATE_METHOD_MATCH = YES;
				COPY_PHASE_STRIP = NO;
				DEAD_CODE_STRIPPING = YES;
				DEBUG_INFORMATION_FORMAT = dwarf;
				ENABLE_STRICT_OBJC_MSGSEND = YES;
				ENABLE_TESTABILITY = YES;
				ENABLE_USER_SCRIPT_SANDBOXING = YES;
				GCC_C_LANGUAGE_STANDARD = gnu17;
				GCC_DYNAMIC_NO_PIC = NO;
				GCC_NO_COMMON_BLOCKS = YES;
				GCC_OPTIMIZATION_LEVEL = 0;
				GCC_PREPROCESSOR_DEFINITIONS = (
					"DEBUG=1",
					"$(inherited)",
				);
				GCC_WARN_64_TO_32_BIT_CONVERSION = YES;
				GCC_WARN_ABOUT_RETURN_TYPE = YES_ERROR;
				GCC_WARN_UNDECLARED_SELECTOR = YES;
				GCC_WARN_UNINITIALIZED_AUTOS = YES_AGGRESSIVE;
				GCC_WARN_UNUSED_FUNCTION = YES;
				GCC_WARN_UNUSED_VARIABLE = YES;
				LOCALIZATION_PREFERS_STRING_CATALOGS = YES;
				MTL_ENABLE_DEBUG_INFO = INCLUDE_SOURCE;
				MTL_FAST_MATH = YES;
				ONLY_ACTIVE_ARCH = YES;
				SWIFT_ACTIVE_COMPILATION_CONDITIONS = "DEBUG $(inherited)";
				SWIFT_OPTIMIZATION_LEVEL = "-Onone";
			};
			name = Debug;
		};
		77C1084E2B76D79D004B490E /* Release */ = {
			isa = XCBuildConfiguration;
			buildSettings = {
				ALWAYS_SEARCH_USER_PATHS = NO;
				ASSETCATALOG_COMPILER_GENERATE_SWIFT_ASSET_SYMBOL_EXTENSIONS = YES;
				CLANG_ANALYZER_NONNULL = YES;
				CLANG_ANALYZER_NUMBER_OBJECT_CONVERSION = YES_AGGRESSIVE;
				CLANG_CXX_LANGUAGE_STANDARD = "gnu++20";
				CLANG_ENABLE_MODULES = YES;
				CLANG_ENABLE_OBJC_ARC = YES;
				CLANG_ENABLE_OBJC_WEAK = YES;
				CLANG_WARN_BLOCK_CAPTURE_AUTORELEASING = YES;
				CLANG_WARN_BOOL_CONVERSION = YES;
				CLANG_WARN_COMMA = YES;
				CLANG_WARN_CONSTANT_CONVERSION = YES;
				CLANG_WARN_DEPRECATED_OBJC_IMPLEMENTATIONS = YES;
				CLANG_WARN_DIRECT_OBJC_ISA_USAGE = YES_ERROR;
				CLANG_WARN_DOCUMENTATION_COMMENTS = YES;
				CLANG_WARN_EMPTY_BODY = YES;
				CLANG_WARN_ENUM_CONVERSION = YES;
				CLANG_WARN_INFINITE_RECURSION = YES;
				CLANG_WARN_INT_CONVERSION = YES;
				CLANG_WARN_NON_LITERAL_NULL_CONVERSION = YES;
				CLANG_WARN_OBJC_IMPLICIT_RETAIN_SELF = YES;
				CLANG_WARN_OBJC_LITERAL_CONVERSION = YES;
				CLANG_WARN_OBJC_ROOT_CLASS = YES_ERROR;
				CLANG_WARN_QUOTED_INCLUDE_IN_FRAMEWORK_HEADER = YES;
				CLANG_WARN_RANGE_LOOP_ANALYSIS = YES;
				CLANG_WARN_STRICT_PROTOTYPES = YES;
				CLANG_WARN_SUSPICIOUS_MOVE = YES;
				CLANG_WARN_UNGUARDED_AVAILABILITY = YES_AGGRESSIVE;
				CLANG_WARN_UNREACHABLE_CODE = YES;
				CLANG_WARN__DUPLICATE_METHOD_MATCH = YES;
				COPY_PHASE_STRIP = NO;
				DEAD_CODE_STRIPPING = YES;
				DEBUG_INFORMATION_FORMAT = "dwarf-with-dsym";
				ENABLE_NS_ASSERTIONS = NO;
				ENABLE_STRICT_OBJC_MSGSEND = YES;
				ENABLE_USER_SCRIPT_SANDBOXING = YES;
				GCC_C_LANGUAGE_STANDARD = gnu17;
				GCC_NO_COMMON_BLOCKS = YES;
				GCC_WARN_64_TO_32_BIT_CONVERSION = YES;
				GCC_WARN_ABOUT_RETURN_TYPE = YES_ERROR;
				GCC_WARN_UNDECLARED_SELECTOR = YES;
				GCC_WARN_UNINITIALIZED_AUTOS = YES_AGGRESSIVE;
				GCC_WARN_UNUSED_FUNCTION = YES;
				GCC_WARN_UNUSED_VARIABLE = YES;
				LOCALIZATION_PREFERS_STRING_CATALOGS = YES;
				MTL_ENABLE_DEBUG_INFO = NO;
				MTL_FAST_MATH = YES;
				SWIFT_COMPILATION_MODE = wholemodule;
			};
			name = Release;
		};
		77C108502B76D79D004B490E /* Debug */ = {
			isa = XCBuildConfiguration;
			buildSettings = {
				ASSETCATALOG_COMPILER_APPICON_NAME = AppIcon;
				ASSETCATALOG_COMPILER_GLOBAL_ACCENT_COLOR_NAME = AccentColor;
				CODE_SIGN_ENTITLEMENTS = Photonic/Photonic.entitlements;
				CODE_SIGN_STYLE = Automatic;
				CURRENT_PROJECT_VERSION = 1;
				DEAD_CODE_STRIPPING = YES;
				DEVELOPMENT_ASSET_PATHS = Photonic/PreviewContent;
				DEVELOPMENT_TEAM = SXU3PZ2ZWL;
				EMIT_FRONTEND_COMMAND_LINES = NO;
				ENABLE_HARDENED_RUNTIME = YES;
				ENABLE_PREVIEWS = YES;
				GENERATE_INFOPLIST_FILE = YES;
				INFOPLIST_FILE = Photonic/Info.plist;
				INFOPLIST_KEY_NSPhotoLibraryUsageDescription = "Backing up all images";
				"INFOPLIST_KEY_UIApplicationSceneManifest_Generation[sdk=iphoneos*]" = YES;
				"INFOPLIST_KEY_UIApplicationSceneManifest_Generation[sdk=iphonesimulator*]" = YES;
				"INFOPLIST_KEY_UIApplicationSupportsIndirectInputEvents[sdk=iphoneos*]" = YES;
				"INFOPLIST_KEY_UIApplicationSupportsIndirectInputEvents[sdk=iphonesimulator*]" = YES;
				"INFOPLIST_KEY_UILaunchScreen_Generation[sdk=iphoneos*]" = YES;
				"INFOPLIST_KEY_UILaunchScreen_Generation[sdk=iphonesimulator*]" = YES;
				"INFOPLIST_KEY_UIStatusBarStyle[sdk=iphoneos*]" = UIStatusBarStyleDefault;
				"INFOPLIST_KEY_UIStatusBarStyle[sdk=iphonesimulator*]" = UIStatusBarStyleDefault;
				INFOPLIST_KEY_UISupportedInterfaceOrientations_iPad = "UIInterfaceOrientationPortrait UIInterfaceOrientationPortraitUpsideDown UIInterfaceOrientationLandscapeLeft UIInterfaceOrientationLandscapeRight";
				INFOPLIST_KEY_UISupportedInterfaceOrientations_iPhone = "UIInterfaceOrientationPortrait UIInterfaceOrientationLandscapeLeft UIInterfaceOrientationLandscapeRight";
				IPHONEOS_DEPLOYMENT_TARGET = 18.2;
				LD_RUNPATH_SEARCH_PATHS = "@executable_path/Frameworks";
				"LD_RUNPATH_SEARCH_PATHS[sdk=macosx*]" = "@executable_path/../Frameworks";
				MACOSX_DEPLOYMENT_TARGET = 15.0;
				MARKETING_VERSION = 1.0;
				OTHER_LDFLAGS = (
					"-Xlinker",
					"-interposable",
				);
				PRODUCT_BUNDLE_IDENTIFIER = de.maxvissing.Photonic;
				PRODUCT_NAME = "$(TARGET_NAME)";
				SDKROOT = auto;
				SUPPORTED_PLATFORMS = "iphoneos iphonesimulator";
				SUPPORTS_MACCATALYST = YES;
				SWIFT_EMIT_LOC_STRINGS = YES;
				SWIFT_VERSION = 5.0;
				TARGETED_DEVICE_FAMILY = "1,2";
			};
			name = Debug;
		};
		77C108512B76D79D004B490E /* Release */ = {
			isa = XCBuildConfiguration;
			buildSettings = {
				ASSETCATALOG_COMPILER_APPICON_NAME = AppIcon;
				ASSETCATALOG_COMPILER_GLOBAL_ACCENT_COLOR_NAME = AccentColor;
				CODE_SIGN_ENTITLEMENTS = Photonic/Photonic.entitlements;
				CODE_SIGN_STYLE = Automatic;
				CURRENT_PROJECT_VERSION = 1;
				DEAD_CODE_STRIPPING = YES;
				DEVELOPMENT_ASSET_PATHS = Photonic/PreviewContent;
				DEVELOPMENT_TEAM = SXU3PZ2ZWL;
				EMIT_FRONTEND_COMMAND_LINES = NO;
				ENABLE_HARDENED_RUNTIME = YES;
				ENABLE_PREVIEWS = YES;
				GENERATE_INFOPLIST_FILE = YES;
				INFOPLIST_FILE = Photonic/Info.plist;
				INFOPLIST_KEY_NSPhotoLibraryUsageDescription = "Backing up all images";
				"INFOPLIST_KEY_UIApplicationSceneManifest_Generation[sdk=iphoneos*]" = YES;
				"INFOPLIST_KEY_UIApplicationSceneManifest_Generation[sdk=iphonesimulator*]" = YES;
				"INFOPLIST_KEY_UIApplicationSupportsIndirectInputEvents[sdk=iphoneos*]" = YES;
				"INFOPLIST_KEY_UIApplicationSupportsIndirectInputEvents[sdk=iphonesimulator*]" = YES;
				"INFOPLIST_KEY_UILaunchScreen_Generation[sdk=iphoneos*]" = YES;
				"INFOPLIST_KEY_UILaunchScreen_Generation[sdk=iphonesimulator*]" = YES;
				"INFOPLIST_KEY_UIStatusBarStyle[sdk=iphoneos*]" = UIStatusBarStyleDefault;
				"INFOPLIST_KEY_UIStatusBarStyle[sdk=iphonesimulator*]" = UIStatusBarStyleDefault;
				INFOPLIST_KEY_UISupportedInterfaceOrientations_iPad = "UIInterfaceOrientationPortrait UIInterfaceOrientationPortraitUpsideDown UIInterfaceOrientationLandscapeLeft UIInterfaceOrientationLandscapeRight";
				INFOPLIST_KEY_UISupportedInterfaceOrientations_iPhone = "UIInterfaceOrientationPortrait UIInterfaceOrientationLandscapeLeft UIInterfaceOrientationLandscapeRight";
				IPHONEOS_DEPLOYMENT_TARGET = 18.2;
				LD_RUNPATH_SEARCH_PATHS = "@executable_path/Frameworks";
				"LD_RUNPATH_SEARCH_PATHS[sdk=macosx*]" = "@executable_path/../Frameworks";
				MACOSX_DEPLOYMENT_TARGET = 15.0;
				MARKETING_VERSION = 1.0;
				OTHER_LDFLAGS = (
					"-Xlinker",
					"-interposable",
				);
				PRODUCT_BUNDLE_IDENTIFIER = de.maxvissing.Photonic;
				PRODUCT_NAME = "$(TARGET_NAME)";
				SDKROOT = auto;
				SUPPORTED_PLATFORMS = "iphoneos iphonesimulator";
				SUPPORTS_MACCATALYST = YES;
				SWIFT_EMIT_LOC_STRINGS = YES;
				SWIFT_VERSION = 5.0;
				TARGETED_DEVICE_FAMILY = "1,2";
			};
			name = Release;
		};
		77C108532B76D79D004B490E /* Debug */ = {
			isa = XCBuildConfiguration;
			buildSettings = {
				BUNDLE_LOADER = "$(TEST_HOST)";
				CODE_SIGN_STYLE = Automatic;
				CURRENT_PROJECT_VERSION = 1;
				DEAD_CODE_STRIPPING = YES;
				DEVELOPMENT_TEAM = SXU3PZ2ZWL;
				GENERATE_INFOPLIST_FILE = YES;
				IPHONEOS_DEPLOYMENT_TARGET = 18.2;
				MACOSX_DEPLOYMENT_TARGET = 15.0;
				MARKETING_VERSION = 1.0;
				PRODUCT_BUNDLE_IDENTIFIER = de.maxvissing.PhotonicTests;
				PRODUCT_NAME = "$(TARGET_NAME)";
				SDKROOT = auto;
				SUPPORTED_PLATFORMS = "iphoneos iphonesimulator macosx";
				SWIFT_EMIT_LOC_STRINGS = NO;
				SWIFT_VERSION = 5.0;
				TARGETED_DEVICE_FAMILY = "1,2";
				TEST_HOST = "$(BUILT_PRODUCTS_DIR)/Photonic.app/$(BUNDLE_EXECUTABLE_FOLDER_PATH)/Photonic";
			};
			name = Debug;
		};
		77C108542B76D79D004B490E /* Release */ = {
			isa = XCBuildConfiguration;
			buildSettings = {
				BUNDLE_LOADER = "$(TEST_HOST)";
				CODE_SIGN_STYLE = Automatic;
				CURRENT_PROJECT_VERSION = 1;
				DEAD_CODE_STRIPPING = YES;
				DEVELOPMENT_TEAM = SXU3PZ2ZWL;
				GENERATE_INFOPLIST_FILE = YES;
				IPHONEOS_DEPLOYMENT_TARGET = 18.2;
				MACOSX_DEPLOYMENT_TARGET = 15.0;
				MARKETING_VERSION = 1.0;
				PRODUCT_BUNDLE_IDENTIFIER = de.maxvissing.PhotonicTests;
				PRODUCT_NAME = "$(TARGET_NAME)";
				SDKROOT = auto;
				SUPPORTED_PLATFORMS = "iphoneos iphonesimulator macosx";
				SWIFT_EMIT_LOC_STRINGS = NO;
				SWIFT_VERSION = 5.0;
				TARGETED_DEVICE_FAMILY = "1,2";
				TEST_HOST = "$(BUILT_PRODUCTS_DIR)/Photonic.app/$(BUNDLE_EXECUTABLE_FOLDER_PATH)/Photonic";
			};
			name = Release;
		};
		77C108562B76D79D004B490E /* Debug */ = {
			isa = XCBuildConfiguration;
			buildSettings = {
				CODE_SIGN_STYLE = Automatic;
				CURRENT_PROJECT_VERSION = 1;
				DEAD_CODE_STRIPPING = YES;
				DEVELOPMENT_TEAM = SXU3PZ2ZWL;
				GENERATE_INFOPLIST_FILE = YES;
				IPHONEOS_DEPLOYMENT_TARGET = 18.2;
				MACOSX_DEPLOYMENT_TARGET = 15.0;
				MARKETING_VERSION = 1.0;
				PRODUCT_BUNDLE_IDENTIFIER = de.maxvissing.PhotonicUITests;
				PRODUCT_NAME = "$(TARGET_NAME)";
				SDKROOT = auto;
				SUPPORTED_PLATFORMS = "iphoneos iphonesimulator macosx";
				SWIFT_EMIT_LOC_STRINGS = NO;
				SWIFT_VERSION = 5.0;
				TARGETED_DEVICE_FAMILY = "1,2";
				TEST_TARGET_NAME = Photonic;
			};
			name = Debug;
		};
		77C108572B76D79D004B490E /* Release */ = {
			isa = XCBuildConfiguration;
			buildSettings = {
				CODE_SIGN_STYLE = Automatic;
				CURRENT_PROJECT_VERSION = 1;
				DEAD_CODE_STRIPPING = YES;
				DEVELOPMENT_TEAM = SXU3PZ2ZWL;
				GENERATE_INFOPLIST_FILE = YES;
				IPHONEOS_DEPLOYMENT_TARGET = 18.2;
				MACOSX_DEPLOYMENT_TARGET = 15.0;
				MARKETING_VERSION = 1.0;
				PRODUCT_BUNDLE_IDENTIFIER = de.maxvissing.PhotonicUITests;
				PRODUCT_NAME = "$(TARGET_NAME)";
				SDKROOT = auto;
				SUPPORTED_PLATFORMS = "iphoneos iphonesimulator macosx";
				SWIFT_EMIT_LOC_STRINGS = NO;
				SWIFT_VERSION = 5.0;
				TARGETED_DEVICE_FAMILY = "1,2";
				TEST_TARGET_NAME = Photonic;
			};
			name = Release;
		};
/* End XCBuildConfiguration section */

/* Begin XCConfigurationList section */
		77C108252B76D79B004B490E /* Build configuration list for PBXProject "Photonic" */ = {
			isa = XCConfigurationList;
			buildConfigurations = (
				77C1084D2B76D79D004B490E /* Debug */,
				77C1084E2B76D79D004B490E /* Release */,
			);
			defaultConfigurationIsVisible = 0;
			defaultConfigurationName = Release;
		};
		77C1084F2B76D79D004B490E /* Build configuration list for PBXNativeTarget "Photonic" */ = {
			isa = XCConfigurationList;
			buildConfigurations = (
				77C108502B76D79D004B490E /* Debug */,
				77C108512B76D79D004B490E /* Release */,
			);
			defaultConfigurationIsVisible = 0;
			defaultConfigurationName = Release;
		};
		77C108522B76D79D004B490E /* Build configuration list for PBXNativeTarget "PhotonicTests" */ = {
			isa = XCConfigurationList;
			buildConfigurations = (
				77C108532B76D79D004B490E /* Debug */,
				77C108542B76D79D004B490E /* Release */,
			);
			defaultConfigurationIsVisible = 0;
			defaultConfigurationName = Release;
		};
		77C108552B76D79D004B490E /* Build configuration list for PBXNativeTarget "PhotonicUITests" */ = {
			isa = XCConfigurationList;
			buildConfigurations = (
				77C108562B76D79D004B490E /* Debug */,
				77C108572B76D79D004B490E /* Release */,
			);
			defaultConfigurationIsVisible = 0;
			defaultConfigurationName = Release;
		};
/* End XCConfigurationList section */

/* Begin XCLocalSwiftPackageReference section */
		77A0CA300000000000000002 /* XCLocalSwiftPackageReference "Packages/PhotonicAPI" */ = {
			isa = XCLocalSwiftPackageReference;
			relativePath = Packages/PhotonicAPI;
		};
		77A0CA300000000000000003 /* XCLocalSwiftPackageReference "Packages/PhotonicCore" */ = {
			isa = XCLocalSwiftPackageReference;
			relativePath = Packages/PhotonicCore;
		};
/* End XCLocalSwiftPackageReference section */

/* Begin XCRemoteSwiftPackageReference section */
		77A0CA300000000000000001 /* XCRemoteSwiftPackageReference "swift-composable-architecture" */ = {
			isa = XCRemoteSwiftPackageReference;
			repositoryURL = "https://github.com/pointfreeco/swift-composable-architecture";
			requirement = {
				kind = upToNextMajorVersion;
				minimumVersion = 1.26.0;
			};
		};
		77A0CA300000000000000004 /* XCRemoteSwiftPackageReference "swift-dependencies" */ = {
			isa = XCRemoteSwiftPackageReference;
			repositoryURL = "https://github.com/pointfreeco/swift-dependencies";
			requirement = {
				kind = upToNextMajorVersion;
				minimumVersion = 1.17.1;
			};
		};
/* End XCRemoteSwiftPackageReference section */

/* Begin XCSwiftPackageProductDependency section */
		77A0CA200000000000000001 /* ComposableArchitecture */ = {
			isa = XCSwiftPackageProductDependency;
			package = 77A0CA300000000000000001 /* XCRemoteSwiftPackageReference "swift-composable-architecture" */;
			productName = ComposableArchitecture;
		};
		77A0CA200000000000000002 /* ComposableArchitecture */ = {
			isa = XCSwiftPackageProductDependency;
			package = 77A0CA300000000000000001 /* XCRemoteSwiftPackageReference "swift-composable-architecture" */;
			productName = ComposableArchitecture;
		};
		77A0CA200000000000000003 /* PhotonicAPI */ = {
			isa = XCSwiftPackageProductDependency;
			package = 77A0CA300000000000000002 /* XCLocalSwiftPackageReference "Packages/PhotonicAPI" */;
			productName = PhotonicAPI;
		};
		77A0CA200000000000000004 /* PhotonicCore */ = {
			isa = XCSwiftPackageProductDependency;
			package = 77A0CA300000000000000003 /* XCLocalSwiftPackageReference "Packages/PhotonicCore" */;
			productName = PhotonicCore;
		};
		77A0CA200000000000000005 /* Dependencies */ = {
			isa = XCSwiftPackageProductDependency;
			package = 77A0CA300000000000000004 /* XCRemoteSwiftPackageReference "swift-dependencies" */;
			productName = Dependencies;
		};
/* End XCSwiftPackageProductDependency section */
	};
	rootObject = 77C108222B76D79B004B490E /* Project object */;
}
